# This file is automatically @generated by Cargo.
# It is not intended for manual editing.
version = 3

[[package]]
name = "kotor-bytes"
version = "0.1.0"

[[package]]
name = "kotor-formats"
version = "0.1.0"
dependencies = [
 "kotor-bytes",
 "kotor-text",
]

[[package]]
name = "kotor-ncs-isa"
version = "0.1.0"

[[package]]
name = "kotor-text"
version = "0.1.0"
